
Microsoft Visual Studio Solution File, Format Version 12.00
# Visual Studio Version 16
VisualStudioVersion = 16.0.30128.36
MinimumVisualStudioVersion = 10.0.40219.1
Project("{9A19103F-16F7-4668-BE54-9A1E7A4F7556}") = "KafkaConsumer", "kafkaConsumer\KafkaConsumer.csproj", "{B077E96A-9D7C-4DFE-BC13-B4BB60D8B518}"
EndProject
Global
	GlobalSection(SolutionConfigurationPlatforms) = preSolution
		Debug|Any CPU = Debug|Any CPU
		Release|Any CPU = Release|Any CPU
	EndGlobalSection
	GlobalSection(ProjectConfigurationPlatforms) = postSolution
		{B077E96A-9D7C-4DFE-BC13-B4BB60D8B518}.Debug|Any CPU.ActiveCfg = Debug|Any CPU
		{B077E96A-9D7C-4DFE-BC13-B4BB60D8B518}.Debug|Any CPU.Build.0 = Debug|Any CPU
		{B077E96A-9D7C-4DFE-BC13-B4BB60D8B518}.Release|Any CPU.ActiveCfg = Release|Any CPU
		{B077E96A-9D7C-4DFE-BC13-B4BB60D8B518}.Release|Any CPU.Build.0 = Release|Any CPU
	EndGlobalSection
	GlobalSection(SolutionProperties) = preSolution
		HideSolutionNode = FALSE
	EndGlobalSection
	GlobalSection(ExtensibilityGlobals) = postSolution
		SolutionGuid = {58FDAC5A-5FC0-4ED6-9B1E-AB45A46B13AF}
	EndGlobalSection
EndGlobal
